
Microsoft Visual Studio Solution File, Format Version 12.00
# Visual Studio 2013
VisualStudioVersion = 12.0.31101.0
MinimumVisualStudioVersion = 10.0.40219.1
Project("{FAE04EC0-301F-11D3-BF4B-00C04F79EFBC}") = "unison-notifier", "unison-notifier\unison-notifier.csproj", "{676C7301-6152-4CED-B9F3-88E8A468043C}"
EndProject
Global
	GlobalSection(SolutionConfigurationPlatforms) = preSolution
		Debug|Any CPU = Debug|Any CPU
		Release|Any CPU = Release|Any CPU
	EndGlobalSection
	GlobalSection(ProjectConfigurationPlatforms) = postSolution
		{676C7301-6152-4CED-B9F3-88E8A468043C}.Debug|Any CPU.ActiveCfg = Debug|Any CPU
		{676C7301-6152-4CED-B9F3-88E8A468043C}.Debug|Any CPU.Build.0 = Debug|Any CPU
		{676C7301-6152-4CED-B9F3-88E8A468043C}.Release|Any CPU.ActiveCfg = Release|Any CPU
		{676C7301-6152-4CED-B9F3-88E8A468043C}.Release|Any CPU.Build.0 = Release|Any CPU
	EndGlobalSection
	GlobalSection(SolutionProperties) = preSolution
		HideSolutionNode = FALSE
	EndGlobalSection
EndGlobal
